
Microsoft Visual Studio Solution File, Format Version 12.00
# Visual Studio 15
VisualStudioVersion = 15.0.28307.572
MinimumVisualStudioVersion = 10.0.40219.1
Project("{FAE04EC0-301F-11D3-BF4B-00C04F79EFBC}") = "ConsoleApp", "ConsoleApp\ConsoleApp.csproj", "{F1D161CB-E380-4553-8D49-091B3C5586AF}"
EndProject
Project("{FAE04EC0-301F-11D3-BF4B-00C04F79EFBC}") = "ConsoleApp.Test", "ConsoleApp.Test\ConsoleApp.Test.csproj", "{78F16534-302A-4DF3-8C55-E78DF36CBE6E}"
EndProject
Global
	GlobalSection(SolutionConfigurationPlatforms) = preSolution
		Debug|Any CPU = Debug|Any CPU
		Release|Any CPU = Release|Any CPU
	EndGlobalSection
	GlobalSection(ProjectConfigurationPlatforms) = postSolution
		{F1D161CB-E380-4553-8D49-091B3C5586AF}.Debug|Any CPU.ActiveCfg = Debug|Any CPU
		{F1D161CB-E380-4553-8D49-091B3C5586AF}.Debug|Any CPU.Build.0 = Debug|Any CPU
		{F1D161CB-E380-4553-8D49-091B3C5586AF}.Release|Any CPU.ActiveCfg = Release|Any CPU
		{F1D161CB-E380-4553-8D49-091B3C5586AF}.Release|Any CPU.Build.0 = Release|Any CPU
		{78F16534-302A-4DF3-8C55-E78DF36CBE6E}.Debug|Any CPU.ActiveCfg = Debug|Any CPU
		{78F16534-302A-4DF3-8C55-E78DF36CBE6E}.Debug|Any CPU.Build.0 = Debug|Any CPU
		{78F16534-302A-4DF3-8C55-E78DF36CBE6E}.Release|Any CPU.ActiveCfg = Release|Any CPU
		{78F16534-302A-4DF3-8C55-E78DF36CBE6E}.Release|Any CPU.Build.0 = Release|Any CPU
	EndGlobalSection
	GlobalSection(SolutionProperties) = preSolution
		HideSolutionNode = FALSE
	EndGlobalSection
	GlobalSection(ExtensibilityGlobals) = postSolution
		SolutionGuid = {132A81AB-78F4-46B8-8B78-2ED4AF53DD97}
	EndGlobalSection
EndGlobal
